// !$*UTF8*$!
{
	archiveVersion = 1;
	classes = {
	};
	objectVersion = 46;
	objects = {

/* Begin PBXBuildFile section */
		82954FC71D3750C000F90DF6 /* AppDelegate.swift in Sources */ = {isa = PBXBuildFile; fileRef = 82954FC61D3750C000F90DF6 /* AppDelegate.swift */; };
		82954FC91D3750C000F90DF6 /* ViewController.swift in Sources */ = {isa = PBXBuildFile; fileRef = 82954FC81D3750C000F90DF6 /* ViewController.swift */; };
		82954FCC1D3750C000F90DF6 /* Main.storyboard in Resources */ = {isa = PBXBuildFile; fileRef = 82954FCA1D3750C000F90DF6 /* Main.storyboard */; };
		82954FCE1D3750C000F90DF6 /* Assets.xcassets in Resources */ = {isa = PBXBuildFile; fileRef = 82954FCD1D3750C000F90DF6 /* Assets.xcassets */; };
		82954FD11D3750C000F90DF6 /* LaunchScreen.storyboard in Resources */ = {isa = PBXBuildFile; fileRef = 82954FCF1D3750C000F90DF6 /* LaunchScreen.storyboard */; };
		82954FDC1D3750C000F90DF6 /* fun_with_animationTests.swift in Sources */ = {isa = PBXBuildFile; fileRef = 82954FDB1D3750C000F90DF6 /* fun_with_animationTests.swift */; };
		82954FE71D3750C000F90DF6 /* fun_with_animationUITests.swift in Sources */ = {isa = PBXBuildFile; fileRef = 82954FE61D3750C000F90DF6 /* fun_with_animationUITests.swift */; };
		829550111D3750D700F90DF6 /* buddhaFloat1.png in Resources */ = {isa = PBXBuildFile; fileRef = 82954FF41D3750D700F90DF6 /* buddhaFloat1.png */; };
		829550121D3750D700F90DF6 /* buddhaFloat2.png in Resources */ = {isa = PBXBuildFile; fileRef = 82954FF51D3750D700F90DF6 /* buddhaFloat2.png */; };
		829550131D3750D700F90DF6 /* buddhaFloat3.png in Resources */ = {isa = PBXBuildFile; fileRef = 82954FF61D3750D700F90DF6 /* buddhaFloat3.png */; };
		829550141D3750D700F90DF6 /* buddhaFloat4.png in Resources */ = {isa = PBXBuildFile; fileRef = 82954FF71D3750D700F90DF6 /* buddhaFloat4.png */; };
		829550151D3750D700F90DF6 /* buddhaFloat5.png in Resources */ = {isa = PBXBuildFile; fileRef = 82954FF81D3750D700F90DF6 /* buddhaFloat5.png */; };
		829550161D3750D700F90DF6 /* buddhaFloat6.png in Resources */ = {isa = PBXBuildFile; fileRef = 82954FF91D3750D700F90DF6 /* buddhaFloat6.png */; };
		829550171D3750D700F90DF6 /* doveWithBranch1.png in Resources */ = {isa = PBXBuildFile; fileRef = 82954FFA1D3750D700F90DF6 /* doveWithBranch1.png */; };
		829550181D3750D700F90DF6 /* doveWithBranch2.png in Resources */ = {isa = PBXBuildFile; fileRef = 82954FFB1D3750D700F90DF6 /* doveWithBranch2.png */; };
		829550191D3750D700F90DF6 /* doveWithBranch3.png in Resources */ = {isa = PBXBuildFile; fileRef = 82954FFC1D3750D700F90DF6 /* doveWithBranch3.png */; };
		8295501A1D3750D700F90DF6 /* frame1.png in Resources */ = {isa = PBXBuildFile; fileRef = 82954FFD1D3750D700F90DF6 /* frame1.png */; };
		8295501B1D3750D700F90DF6 /* frame2.png in Resources */ = {isa = PBXBuildFile; fileRef = 82954FFE1D3750D700F90DF6 /* frame2.png */; };
		8295501C1D3750D700F90DF6 /* frame3.png in Resources */ = {isa = PBXBuildFile; fileRef = 82954FFF1D3750D700F90DF6 /* frame3.png */; };
		8295501D1D3750D700F90DF6 /* frame4.png in Resources */ = {isa = PBXBuildFile; fileRef = 829550001D3750D700F90DF6 /* frame4.png */; };
		8295501E1D3750D700F90DF6 /* frame5.png in Resources */ = {isa = PBXBuildFile; fileRef = 829550011D3750D700F90DF6 /* frame5.png */; };
		8295501F1D3750D700F90DF6 /* frame6.png in Resources */ = {isa = PBXBuildFile; fileRef = 829550021D3750D700F90DF6 /* frame6.png */; };
		829550201D3750D700F90DF6 /* frame7.png in Resources */ = {isa = PBXBuildFile; fileRef = 829550031D3750D700F90DF6 /* frame7.png */; };
		829550211D3750D700F90DF6 /* starryNight1.png in Resources */ = {isa = PBXBuildFile; fileRef = 829550041D3750D700F90DF6 /* starryNight1.png */; };
		829550221D3750D700F90DF6 /* starryNight2.png in Resources */ = {isa = PBXBuildFile; fileRef = 829550051D3750D700F90DF6 /* starryNight2.png */; };
		829550231D3750D700F90DF6 /* starryNight3.png in Resources */ = {isa = PBXBuildFile; fileRef = 829550061D3750D700F90DF6 /* starryNight3.png */; };
		829550241D3750D700F90DF6 /* swanFrame1.png in Resources */ = {isa = PBXBuildFile; fileRef = 829550071D3750D700F90DF6 /* swanFrame1.png */; };
		829550251D3750D700F90DF6 /* swanFrame2.png in Resources */ = {isa = PBXBuildFile; fileRef = 829550081D3750D700F90DF6 /* swanFrame2.png */; };
		829550261D3750D700F90DF6 /* swanFrame3.png in Resources */ = {isa = PBXBuildFile; fileRef = 829550091D3750D700F90DF6 /* swanFrame3.png */; };
		829550271D3750D700F90DF6 /* swirlFrame1.png in Resources */ = {isa = PBXBuildFile; fileRef = 8295500A1D3750D700F90DF6 /* swirlFrame1.png */; };
		829550281D3750D700F90DF6 /* swirlFrame2.png in Resources */ = {isa = PBXBuildFile; fileRef = 8295500B1D3750D700F90DF6 /* swirlFrame2.png */; };
		829550291D3750D700F90DF6 /* swirlFrame3.png in Resources */ = {isa = PBXBuildFile; fileRef = 8295500C1D3750D700F90DF6 /* swirlFrame3.png */; };
		8295502A1D3750D700F90DF6 /* tanCandles1.png in Resources */ = {isa = PBXBuildFile; fileRef = 8295500D1D3750D700F90DF6 /* tanCandles1.png */; };
		8295502B1D3750D700F90DF6 /* tanCandles2.png in Resources */ = {isa = PBXBuildFile; fileRef = 8295500E1D3750D700F90DF6 /* tanCandles2.png */; };
		8295502C1D3750D700F90DF6 /* tanCandles3.png in Resources */ = {isa = PBXBuildFile; fileRef = 8295500F1D3750D700F90DF6 /* tanCandles3.png */; };
		8295502D1D3750D700F90DF6 /* tanCandles4.png in Resources */ = {isa = PBXBuildFile; fileRef = 829550101D3750D700F90DF6 /* tanCandles4.png */; };
/* End PBXBuildFile section */

/* Begin PBXContainerItemProxy section */
		82954FD81D3750C000F90DF6 /* PBXContainerItemProxy */ = {
			isa = PBXContainerItemProxy;
			containerPortal = 82954FBB1D3750C000F90DF6 /* Project object */;
			proxyType = 1;
			remoteGlobalIDString = 82954FC21D3750C000F90DF6;
			remoteInfo = "fun with animation";
		};
		82954FE31D3750C000F90DF6 /* PBXContainerItemProxy */ = {
			isa = PBXContainerItemProxy;
			containerPortal = 82954FBB1D3750C000F90DF6 /* Project object */;
			proxyType = 1;
			remoteGlobalIDString = 82954FC21D3750C000F90DF6;
			remoteInfo = "fun with animation";
		};
/* End PBXContainerItemProxy section */

/* Begin PBXFileReference section */
		82954FC31D3750C000F90DF6 /* fun with animation.app */ = {isa = PBXFileReference; explicitFileType = wrapper.application; includeInIndex = 0; path = "fun with animation.app"; sourceTree = BUILT_PRODUCTS_DIR; };
		82954FC61D3750C000F90DF6 /* AppDelegate.swift */ = {isa = PBXFileReference; lastKnownFileType = sourcecode.swift; path = AppDelegate.swift; sourceTree = "<group>"; };
		82954FC81D3750C000F90DF6 /* ViewController.swift */ = {isa = PBXFileReference; lastKnownFileType = sourcecode.swift; path = ViewController.swift; sourceTree = "<group>"; };
		82954FCB1D3750C000F90DF6 /* Base */ = {isa = PBXFileReference; lastKnownFileType = file.storyboard; name = Base; path = Base.lproj/Main.storyboard; sourceTree = "<group>"; };
		82954FCD1D3750C000F90DF6 /* Assets.xcassets */ = {isa = PBXFileReference; lastKnownFileType = folder.assetcatalog; path = Assets.xcassets; sourceTree = "<group>"; };
		82954FD01D3750C000F90DF6 /* Base */ = {isa = PBXFileReference; lastKnownFileType = file.storyboard; name = Base; path = Base.lproj/LaunchScreen.storyboard; sourceTree = "<group>"; };
		82954FD21D3750C000F90DF6 /* Info.plist */ = {isa = PBXFileReference; lastKnownFileType = text.plist.xml; path = Info.plist; sourceTree = "<group>"; };
		82954FD71D3750C000F90DF6 /* fun with animationTests.xctest */ = {isa = PBXFileReference; explicitFileType = wrapper.cfbundle; includeInIndex = 0; path = "fun with animationTests.xctest"; sourceTree = BUILT_PRODUCTS_DIR; };
		82954FDB1D3750C000F90DF6 /* fun_with_animationTests.swift */ = {isa = PBXFileReference; lastKnownFileType = sourcecode.swift; path = fun_with_animationTests.swift; sourceTree = "<group>"; };
		82954FDD1D3750C000F90DF6 /* Info.plist */ = {isa = PBXFileReference; lastKnownFileType = text.plist.xml; path = Info.plist; sourceTree = "<group>"; };
		82954FE21D3750C000F90DF6 /* fun with animationUITests.xctest */ = {isa = PBXFileReference; explicitFileType = wrapper.cfbundle; includeInIndex = 0; path = "fun with animationUITests.xctest"; sourceTree = BUILT_PRODUCTS_DIR; };
		82954FE61D3750C000F90DF6 /* fun_with_animationUITests.swift */ = {isa = PBXFileReference; lastKnownFileType = sourcecode.swift; path = fun_with_animationUITests.swift; sourceTree = "<group>"; };
		82954FE81D3750C000F90DF6 /* Info.plist */ = {isa = PBXFileReference; lastKnownFileType = text.plist.xml; path = Info.plist; sourceTree = "<group>"; };
		82954FF41D3750D700F90DF6 /* buddhaFloat1.png */ = {isa = PBXFileReference; lastKnownFileType = image.png; path = buddhaFloat1.png; sourceTree = "<group>"; };
		82954FF51D3750D700F90DF6 /* buddhaFloat2.png */ = {isa = PBXFileReference; lastKnownFileType = image.png; path = buddhaFloat2.png; sourceTree = "<group>"; };
		82954FF61D3750D700F90DF6 /* buddhaFloat3.png */ = {isa = PBXFileReference; lastKnownFileType = image.png; path = buddhaFloat3.png; sourceTree = "<group>"; };
		82954FF71D3750D700F90DF6 /* buddhaFloat4.png */ = {isa = PBXFileReference; lastKnownFileType = image.png; path = buddhaFloat4.png; sourceTree = "<group>"; };
		82954FF81D3750D700F90DF6 /* buddhaFloat5.png */ = {isa = PBXFileReference; lastKnownFileType = image.png; path = buddhaFloat5.png; sourceTree = "<group>"; };
		82954FF91D3750D700F90DF6 /* buddhaFloat6.png */ = {isa = PBXFileReference; lastKnownFileType = image.png; path = buddhaFloat6.png; sourceTree = "<group>"; };
		82954FFA1D3750D700F90DF6 /* doveWithBranch1.png */ = {isa = PBXFileReference; lastKnownFileType = image.png; path = doveWithBranch1.png; sourceTree = "<group>"; };
		82954FFB1D3750D700F90DF6 /* doveWithBranch2.png */ = {isa = PBXFileReference; lastKnownFileType = image.png; path = doveWithBranch2.png; sourceTree = "<group>"; };
		82954FFC1D3750D700F90DF6 /* doveWithBranch3.png */ = {isa = PBXFileReference; lastKnownFileType = image.png; path = doveWithBranch3.png; sourceTree = "<group>"; };
		82954FFD1D3750D700F90DF6 /* frame1.png */ = {isa = PBXFileReference; lastKnownFileType = image.png; path = frame1.png; sourceTree = "<group>"; };
		82954FFE1D3750D700F90DF6 /* frame2.png */ = {isa = PBXFileReference; lastKnownFileType = image.png; path = frame2.png; sourceTree = "<group>"; };
		82954FFF1D3750D700F90DF6 /* frame3.png */ = {isa = PBXFileReference; lastKnownFileType = image.png; path = frame3.png; sourceTree = "<group>"; };
		829550001D3750D700F90DF6 /* frame4.png */ = {isa = PBXFileReference; lastKnownFileType = image.png; path = frame4.png; sourceTree = "<group>"; };
		829550011D3750D700F90DF6 /* frame5.png */ = {isa = PBXFileReference; lastKnownFileType = image.png; path = frame5.png; sourceTree = "<group>"; };
		829550021D3750D700F90DF6 /* frame6.png */ = {isa = PBXFileReference; lastKnownFileType = image.png; path = frame6.png; sourceTree = "<group>"; };
		829550031D3750D700F90DF6 /* frame7.png */ = {isa = PBXFileReference; lastKnownFileType = image.png; path = frame7.png; sourceTree = "<group>"; };
		829550041D3750D700F90DF6 /* starryNight1.png */ = {isa = PBXFileReference; lastKnownFileType = image.png; path = starryNight1.png; sourceTree = "<group>"; };
		829550051D3750D700F90DF6 /* starryNight2.png */ = {isa = PBXFileReference; lastKnownFileType = image.png; path = starryNight2.png; sourceTree = "<group>"; };
		829550061D3750D700F90DF6 /* starryNight3.png */ = {isa = PBXFileReference; lastKnownFileType = image.png; path = starryNight3.png; sourceTree = "<group>"; };
		829550071D3750D700F90DF6 /* swanFrame1.png */ = {isa = PBXFileReference; lastKnownFileType = image.png; path = swanFrame1.png; sourceTree = "<group>"; };
		829550081D3750D700F90DF6 /* swanFrame2.png */ = {isa = PBXFileReference; lastKnownFileType = image.png; path = swanFrame2.png; sourceTree = "<group>"; };
		829550091D3750D700F90DF6 /* swanFrame3.png */ = {isa = PBXFileReference; lastKnownFileType = image.png; path = swanFrame3.png; sourceTree = "<group>"; };
		8295500A1D3750D700F90DF6 /* swirlFrame1.png */ = {isa = PBXFileReference; lastKnownFileType = image.png; path = swirlFrame1.png; sourceTree = "<group>"; };
		8295500B1D3750D700F90DF6 /* swirlFrame2.png */ = {isa = PBXFileReference; lastKnownFileType = image.png; path = swirlFrame2.png; sourceTree = "<group>"; };
		8295500C1D3750D700F90DF6 /* swirlFrame3.png */ = {isa = PBXFileReference; lastKnownFileType = image.png; path = swirlFrame3.png; sourceTree = "<group>"; };
		8295500D1D3750D700F90DF6 /* tanCandles1.png */ = {isa = PBXFileReference; lastKnownFileType = image.png; path = tanCandles1.png; sourceTree = "<group>"; };
		8295500E1D3750D700F90DF6 /* tanCandles2.png */ = {isa = PBXFileReference; lastKnownFileType = image.png; path = tanCandles2.png; sourceTree = "<group>"; };
		8295500F1D3750D700F90DF6 /* tanCandles3.png */ = {isa = PBXFileReference; lastKnownFileType = image.png; path = tanCandles3.png; sourceTree = "<group>"; };
		829550101D3750D700F90DF6 /* tanCandles4.png */ = {isa = PBXFileReference; lastKnownFileType = image.png; path = tanCandles4.png; sourceTree = "<group>"; };
/* End PBXFileReference section */

/* Begin PBXFrameworksBuildPhase section */
		82954FC01D3750C000F90DF6 /* Frameworks */ = {
			isa = PBXFrameworksBuildPhase;
			buildActionMask = 2147483647;
			files = (
			);
			runOnlyForDeploymentPostprocessing = 0;
		};
		82954FD41D3750C000F90DF6 /* Frameworks */ = {
			isa = PBXFrameworksBuildPhase;
			buildActionMask = 2147483647;
			files = (
			);
			runOnlyForDeploymentPostprocessing = 0;
		};
		82954FDF1D3750C000F90DF6 /* Frameworks */ = {
			isa = PBXFrameworksBuildPhase;
			buildActionMask = 2147483647;
			files = (
			);
			runOnlyForDeploymentPostprocessing = 0;
		};
/* End PBXFrameworksBuildPhase section */

/* Begin PBXGroup section */
		82954FBA1D3750C000F90DF6 = {
			isa = PBXGroup;
			children = (
				8295502E1D3750DF00F90DF6 /* Images */,
				82954FC51D3750C000F90DF6 /* fun with animation */,
				82954FDA1D3750C000F90DF6 /* fun with animationTests */,
				82954FE51D3750C000F90DF6 /* fun with animationUITests */,
				82954FC41D3750C000F90DF6 /* Products */,
			);
			sourceTree = "<group>";
		};
		82954FC41D3750C000F90DF6 /* Products */ = {
			isa = PBXGroup;
			children = (
				82954FC31D3750C000F90DF6 /* fun with animation.app */,
				82954FD71D3750C000F90DF6 /* fun with animationTests.xctest */,
				82954FE21D3750C000F90DF6 /* fun with animationUITests.xctest */,
			);
			name = Products;
			sourceTree = "<group>";
		};
		82954FC51D3750C000F90DF6 /* fun with animation */ = {
			isa = PBXGroup;
			children = (
				82954FC61D3750C000F90DF6 /* AppDelegate.swift */,
				82954FC81D3750C000F90DF6 /* ViewController.swift */,
				82954FCA1D3750C000F90DF6 /* Main.storyboard */,
				82954FCD1D3750C000F90DF6 /* Assets.xcassets */,
				82954FCF1D3750C000F90DF6 /* LaunchScreen.storyboard */,
				82954FD21D3750C000F90DF6 /* Info.plist */,
			);
			path = "fun with animation";
			sourceTree = "<group>";
		};
		82954FDA1D3750C000F90DF6 /* fun with animationTests */ = {
			isa = PBXGroup;
			children = (
				82954FDB1D3750C000F90DF6 /* fun_with_animationTests.swift */,
				82954FDD1D3750C000F90DF6 /* Info.plist */,
			);
			path = "fun with animationTests";
			sourceTree = "<group>";
		};
		82954FE51D3750C000F90DF6 /* fun with animationUITests */ = {
			isa = PBXGroup;
			children = (
				82954FE61D3750C000F90DF6 /* fun_with_animationUITests.swift */,
				82954FE81D3750C000F90DF6 /* Info.plist */,
			);
			path = "fun with animationUITests";
			sourceTree = "<group>";
		};
		8295502E1D3750DF00F90DF6 /* Images */ = {
			isa = PBXGroup;
			children = (
				82954FF41D3750D700F90DF6 /* buddhaFloat1.png */,
				82954FF51D3750D700F90DF6 /* buddhaFloat2.png */,
				82954FF61D3750D700F90DF6 /* buddhaFloat3.png */,
				82954FF71D3750D700F90DF6 /* buddhaFloat4.png */,
				82954FF81D3750D700F90DF6 /* buddhaFloat5.png */,
				82954FF91D3750D700F90DF6 /* buddhaFloat6.png */,
				82954FFA1D3750D700F90DF6 /* doveWithBranch1.png */,
				82954FFB1D3750D700F90DF6 /* doveWithBranch2.png */,
				82954FFC1D3750D700F90DF6 /* doveWithBranch3.png */,
				82954FFD1D3750D700F90DF6 /* frame1.png */,
				82954FFE1D3750D700F90DF6 /* frame2.png */,
				82954FFF1D3750D700F90DF6 /* frame3.png */,
				829550001D3750D700F90DF6 /* frame4.png */,
				829550011D3750D700F90DF6 /* frame5.png */,
				829550021D3750D700F90DF6 /* frame6.png */,
				829550031D3750D700F90DF6 /* frame7.png */,
				829550041D3750D700F90DF6 /* starryNight1.png */,
				829550051D3750D700F90DF6 /* starryNight2.png */,
				829550061D3750D700F90DF6 /* starryNight3.png */,
				829550071D3750D700F90DF6 /* swanFrame1.png */,
				829550081D3750D700F90DF6 /* swanFrame2.png */,
				829550091D3750D700F90DF6 /* swanFrame3.png */,
				8295500A1D3750D700F90DF6 /* swirlFrame1.png */,
				8295500B1D3750D700F90DF6 /* swirlFrame2.png */,
				8295500C1D3750D700F90DF6 /* swirlFrame3.png */,
				8295500D1D3750D700F90DF6 /* tanCandles1.png */,
				8295500E1D3750D700F90DF6 /* tanCandles2.png */,
				8295500F1D3750D700F90DF6 /* tanCandles3.png */,
				829550101D3750D700F90DF6 /* tanCandles4.png */,
			);
			name = Images;
			sourceTree = "<group>";
		};
/* End PBXGroup section */

/* Begin PBXNativeTarget section */
		82954FC21D3750C000F90DF6 /* fun with animation */ = {
			isa = PBXNativeTarget;
			buildConfigurationList = 82954FEB1D3750C000F90DF6 /* Build configuration list for PBXNativeTarget "fun with animation" */;
			buildPhases = (
				82954FBF1D3750C000F90DF6 /* Sources */,
				82954FC01D3750C000F90DF6 /* Frameworks */,
				82954FC11D3750C000F90DF6 /* Resources */,
			);
			buildRules = (
			);
			dependencies = (
			);
			name = "fun with animation";
			productName = "fun with animation";
			productReference = 82954FC31D3750C000F90DF6 /* fun with animation.app */;
			productType = "com.apple.product-type.application";
		};
		82954FD61D3750C000F90DF6 /* fun with animationTests */ = {
			isa = PBXNativeTarget;
			buildConfigurationList = 82954FEE1D3750C000F90DF6 /* Build configuration list for PBXNativeTarget "fun with animationTests" */;
			buildPhases = (
				82954FD31D3750C000F90DF6 /* Sources */,
				82954FD41D3750C000F90DF6 /* Frameworks */,
				82954FD51D3750C000F90DF6 /* Resources */,
			);
			buildRules = (
			);
			dependencies = (
				82954FD91D3750C000F90DF6 /* PBXTargetDependency */,
			);
			name = "fun with animationTests";
			productName = "fun with animationTests";
			productReference = 82954FD71D3750C000F90DF6 /* fun with animationTests.xctest */;
			productType = "com.apple.product-type.bundle.unit-test";
		};
		82954FE11D3750C000F90DF6 /* fun with animationUITests */ = {
			isa = PBXNativeTarget;
			buildConfigurationList = 82954FF11D3750C000F90DF6 /* Build configuration list for PBXNativeTarget "fun with animationUITests" */;
			buildPhases = (
				82954FDE1D3750C000F90DF6 /* Sources */,
				82954FDF1D3750C000F90DF6 /* Frameworks */,
				82954FE01D3750C000F90DF6 /* Resources */,
			);
			buildRules = (
			);
			dependencies = (
				82954FE41D3750C000F90DF6 /* PBXTargetDependency */,
			);
			name = "fun with animationUITests";
			productName = "fun with animationUITests";
			productReference = 82954FE21D3750C000F90DF6 /* fun with animationUITests.xctest */;
			productType = "com.apple.product-type.bundle.ui-testing";
		};
/* End PBXNativeTarget section */

/* Begin PBXProject section */
		82954FBB1D3750C000F90DF6 /* Project object */ = {
			isa = PBXProject;
			attributes = {
				LastSwiftUpdateCheck = 0730;
				LastUpgradeCheck = 0730;
				ORGANIZATIONNAME = "Asavir Kalla";
				TargetAttributes = {
					82954FC21D3750C000F90DF6 = {
						CreatedOnToolsVersion = 7.3.1;
					};
					82954FD61D3750C000F90DF6 = {
						CreatedOnToolsVersion = 7.3.1;
						TestTargetID = 82954FC21D3750C000F90DF6;
					};
					82954FE11D3750C000F90DF6 = {
						CreatedOnToolsVersion = 7.3.1;
						TestTargetID = 82954FC21D3750C000F90DF6;
					};
				};
			};
			buildConfigurationList = 82954FBE1D3750C000F90DF6 /* Build configuration list for PBXProject "fun with animation" */;
			compatibilityVersion = "Xcode 3.2";
			developmentRegion = English;
			hasScannedForEncodings = 0;
			knownRegions = (
				en,
				Base,
			);
			mainGroup = 82954FBA1D3750C000F90DF6;
			productRefGroup = 82954FC41D3750C000F90DF6 /* Products */;
			projectDirPath = "";
			projectRoot = "";
			targets = (
				82954FC21D3750C000F90DF6 /* fun with animation */,
				82954FD61D3750C000F90DF6 /* fun with animationTests */,
				82954FE11D3750C000F90DF6 /* fun with animationUITests */,
			);
		};
/* End PBXProject section */

/* Begin PBXResourcesBuildPhase section */
		82954FC11D3750C000F90DF6 /* Resources */ = {
			isa = PBXResourcesBuildPhase;
			buildActionMask = 2147483647;
			files = (
				829550131D3750D700F90DF6 /* buddhaFloat3.png in Resources */,
				829550291D3750D700F90DF6 /* swirlFrame3.png in Resources */,
				829550271D3750D700F90DF6 /* swirlFrame1.png in Resources */,
				829550121D3750D700F90DF6 /* buddhaFloat2.png in Resources */,
				82954FD11D3750C000F90DF6 /* LaunchScreen.storyboard in Resources */,
				82954FCE1D3750C000F90DF6 /* Assets.xcassets in Resources */,
				8295501B1D3750D700F90DF6 /* frame2.png in Resources */,
				829550141D3750D700F90DF6 /* buddhaFloat4.png in Resources */,
				8295501E1D3750D700F90DF6 /* frame5.png in Resources */,
				829550281D3750D700F90DF6 /* swirlFrame2.png in Resources */,
				829550261D3750D700F90DF6 /* swanFrame3.png in Resources */,
				829550251D3750D700F90DF6 /* swanFrame2.png in Resources */,
				829550211D3750D700F90DF6 /* starryNight1.png in Resources */,
				829550111D3750D700F90DF6 /* buddhaFloat1.png in Resources */,
				8295502A1D3750D700F90DF6 /* tanCandles1.png in Resources */,
				829550201D3750D700F90DF6 /* frame7.png in Resources */,
				829550161D3750D700F90DF6 /* buddhaFloat6.png in Resources */,
				829550221D3750D700F90DF6 /* starryNight2.png in Resources */,
				829550171D3750D700F90DF6 /* doveWithBranch1.png in Resources */,
				8295502D1D3750D700F90DF6 /* tanCandles4.png in Resources */,
				829550241D3750D700F90DF6 /* swanFrame1.png in Resources */,
				829550151D3750D700F90DF6 /* buddhaFloat5.png in Resources */,
				8295501C1D3750D700F90DF6 /* frame3.png in Resources */,
				829550191D3750D700F90DF6 /* doveWithBranch3.png in Resources */,
				8295502B1D3750D700F90DF6 /* tanCandles2.png in Resources */,
				8295502C1D3750D700F90DF6 /* tanCandles3.png in Resources */,
				8295501D1D3750D700F90DF6 /* frame4.png in Resources */,
				829550231D3750D700F90DF6 /* starryNight3.png in Resources */,
				8295501A1D3750D700F90DF6 /* frame1.png in Resources */,
				829550181D3750D700F90DF6 /* doveWithBranch2.png in Resources */,
				8295501F1D3750D700F90DF6 /* frame6.png in Resources */,
				82954FCC1D3750C000F90DF6 /* Main.storyboard in Resources */,
			);
			runOnlyForDeploymentPostprocessing = 0;
		};
		82954FD51D3750C000F90DF6 /* Resources */ = {
			isa = PBXResourcesBuildPhase;
			buildActionMask = 2147483647;
			files = (
			);
			runOnlyForDeploymentPostprocessing = 0;
		};
		82954FE01D3750C000F90DF6 /* Resources */ = {
			isa = PBXResourcesBuildPhase;
			buildActionMask = 2147483647;
			files = (
			);
			runOnlyForDeploymentPostprocessing = 0;
		};
/* End PBXResourcesBuildPhase section */

/* Begin PBXSourcesBuildPhase section */
		82954FBF1D3750C000F90DF6 /* Sources */ = {
			isa = PBXSourcesBuildPhase;
			buildActionMask = 2147483647;
			files = (
				82954FC91D3750C000F90DF6 /* ViewController.swift in Sources */,
				82954FC71D3750C000F90DF6 /* AppDelegate.swift in Sources */,
			);
			runOnlyForDeploymentPostprocessing = 0;
		};
		82954FD31D3750C000F90DF6 /* Sources */ = {
			isa = PBXSourcesBuildPhase;
			buildActionMask = 2147483647;
			files = (
				82954FDC1D3750C000F90DF6 /* fun_with_animationTests.swift in Sources */,
			);
			runOnlyForDeploymentPostprocessing = 0;
		};
		82954FDE1D3750C000F90DF6 /* Sources */ = {
			isa = PBXSourcesBuildPhase;
			buildActionMask = 2147483647;
			files = (
				82954FE71D3750C000F90DF6 /* fun_with_animationUITests.swift in Sources */,
			);
			runOnlyForDeploymentPostprocessing = 0;
		};
/* End PBXSourcesBuildPhase section */

/* Begin PBXTargetDependency section */
		82954FD91D3750C000F90DF6 /* PBXTargetDependency */ = {
			isa = PBXTargetDependency;
			target = 82954FC21D3750C000F90DF6 /* fun with animation */;
			targetProxy = 82954FD81D3750C000F90DF6 /* PBXContainerItemProxy */;
		};
		82954FE41D3750C000F90DF6 /* PBXTargetDependency */ = {
			isa = PBXTargetDependency;
			target = 82954FC21D3750C000F90DF6 /* fun with animation */;
			targetProxy = 82954FE31D3750C000F90DF6 /* PBXContainerItemProxy */;
		};
/* End PBXTargetDependency section */

/* Begin PBXVariantGroup section */
		82954FCA1D3750C000F90DF6 /* Main.storyboard */ = {
			isa = PBXVariantGroup;
			children = (
				82954FCB1D3750C000F90DF6 /* Base */,
			);
			name = Main.storyboard;
			sourceTree = "<group>";
		};
		82954FCF1D3750C000F90DF6 /* LaunchScreen.storyboard */ = {
			isa = PBXVariantGroup;
			children = (
				82954FD01D3750C000F90DF6 /* Base */,
			);
			name = LaunchScreen.storyboard;
			sourceTree = "<group>";
		};
/* End PBXVariantGroup section */

/* Begin XCBuildConfiguration section */
		82954FE91D3750C000F90DF6 /* Debug */ = {
			isa = XCBuildConfiguration;
			buildSettings = {
				ALWAYS_SEARCH_USER_PATHS = NO;
				CLANG_ANALYZER_NONNULL = YES;
				CLANG_CXX_LANGUAGE_STANDARD = "gnu++0x";
				CLANG_CXX_LIBRARY = "libc++";
				CLANG_ENABLE_MODULES = YES;
				CLANG_ENABLE_OBJC_ARC = YES;
				CLANG_WARN_BOOL_CONVERSION = YES;
				CLANG_WARN_CONSTANT_CONVERSION = YES;
				CLANG_WARN_DIRECT_OBJC_ISA_USAGE = YES_ERROR;
				CLANG_WARN_EMPTY_BODY = YES;
				CLANG_WARN_ENUM_CONVERSION = YES;
				CLANG_WARN_INT_CONVERSION = YES;
				CLANG_WARN_OBJC_ROOT_CLASS = YES_ERROR;
				CLANG_WARN_UNREACHABLE_CODE = YES;
				CLANG_WARN__DUPLICATE_METHOD_MATCH = YES;
				"CODE_SIGN_IDENTITY[sdk=iphoneos*]" = "iPhone Developer";
				COPY_PHASE_STRIP = NO;
				DEBUG_INFORMATION_FORMAT = dwarf;
				ENABLE_STRICT_OBJC_MSGSEND = YES;
				ENABLE_TESTABILITY = YES;
				GCC_C_LANGUAGE_STANDARD = gnu99;
				GCC_DYNAMIC_NO_PIC = NO;
				GCC_NO_COMMON_BLOCKS = YES;
				GCC_OPTIMIZATION_LEVEL = 0;
				GCC_PREPROCESSOR_DEFINITIONS = (
					"DEBUG=1",
					"$(inherited)",
				);
				GCC_WARN_64_TO_32_BIT_CONVERSION = YES;
				GCC_WARN_ABOUT_RETURN_TYPE = YES_ERROR;
				GCC_WARN_UNDECLARED_SELECTOR = YES;
				GCC_WARN_UNINITIALIZED_AUTOS = YES_AGGRESSIVE;
				GCC_WARN_UNUSED_FUNCTION = YES;
				GCC_WARN_UNUSED_VARIABLE = YES;
				IPHONEOS_DEPLOYMENT_TARGET = 9.3;
				MTL_ENABLE_DEBUG_INFO = YES;
				ONLY_ACTIVE_ARCH = YES;
				SDKROOT = iphoneos;
				SWIFT_OPTIMIZATION_LEVEL = "-Onone";
			};
			name = Debug;
		};
		82954FEA1D3750C000F90DF6 /* Release */ = {
			isa = XCBuildConfiguration;
			buildSettings = {
				ALWAYS_SEARCH_USER_PATHS = NO;
				CLANG_ANALYZER_NONNULL = YES;
				CLANG_CXX_LANGUAGE_STANDARD = "gnu++0x";
				CLANG_CXX_LIBRARY = "libc++";
				CLANG_ENABLE_MODULES = YES;
				CLANG_ENABLE_OBJC_ARC = YES;
				CLANG_WARN_BOOL_CONVERSION = YES;
				CLANG_WARN_CONSTANT_CONVERSION = YES;
				CLANG_WARN_DIRECT_OBJC_ISA_USAGE = YES_ERROR;
				CLANG_WARN_EMPTY_BODY = YES;
				CLANG_WARN_ENUM_CONVERSION = YES;
				CLANG_WARN_INT_CONVERSION = YES;
				CLANG_WARN_OBJC_ROOT_CLASS = YES_ERROR;
				CLANG_WARN_UNREACHABLE_CODE = YES;
				CLANG_WARN__DUPLICATE_METHOD_MATCH = YES;
				"CODE_SIGN_IDENTITY[sdk=iphoneos*]" = "iPhone Developer";
				COPY_PHASE_STRIP = NO;
				DEBUG_INFORMATION_FORMAT = "dwarf-with-dsym";
				ENABLE_NS_ASSERTIONS = NO;
				ENABLE_STRICT_OBJC_MSGSEND = YES;
				GCC_C_LANGUAGE_STANDARD = gnu99;
				GCC_NO_COMMON_BLOCKS = YES;
				GCC_WARN_64_TO_32_BIT_CONVERSION = YES;
				GCC_WARN_ABOUT_RETURN_TYPE = YES_ERROR;
				GCC_WARN_UNDECLARED_SELECTOR = YES;
				GCC_WARN_UNINITIALIZED_AUTOS = YES_AGGRESSIVE;
				GCC_WARN_UNUSED_FUNCTION = YES;
				GCC_WARN_UNUSED_VARIABLE = YES;
				IPHONEOS_DEPLOYMENT_TARGET = 9.3;
				MTL_ENABLE_DEBUG_INFO = NO;
				SDKROOT = iphoneos;
				VALIDATE_PRODUCT = YES;
			};
			name = Release;
		};
		82954FEC1D3750C000F90DF6 /* Debug */ = {
			isa = XCBuildConfiguration;
			buildSettings = {
				ASSETCATALOG_COMPILER_APPICON_NAME = AppIcon;
				INFOPLIST_FILE = "fun with animation/Info.plist";
				LD_RUNPATH_SEARCH_PATHS = "$(inherited) @executable_path/Frameworks";
				PRODUCT_BUNDLE_IDENTIFIER = "com.me.fun-with-animation";
				PRODUCT_NAME = "$(TARGET_NAME)";
			};
			name = Debug;
		};
		82954FED1D3750C000F90DF6 /* Release */ = {
			isa = XCBuildConfiguration;
			buildSettings = {
				ASSETCATALOG_COMPILER_APPICON_NAME = AppIcon;
				INFOPLIST_FILE = "fun with animation/Info.plist";
				LD_RUNPATH_SEARCH_PATHS = "$(inherited) @executable_path/Frameworks";
				PRODUCT_BUNDLE_IDENTIFIER = "com.me.fun-with-animation";
				PRODUCT_NAME = "$(TARGET_NAME)";
			};
			name = Release;
		};
		82954FEF1D3750C000F90DF6 /* Debug */ = {
			isa = XCBuildConfiguration;
			buildSettings = {
				BUNDLE_LOADER = "$(TEST_HOST)";
				INFOPLIST_FILE = "fun with animationTests/Info.plist";
				LD_RUNPATH_SEARCH_PATHS = "$(inherited) @executable_path/Frameworks @loader_path/Frameworks";
				PRODUCT_BUNDLE_IDENTIFIER = "com.me.fun-with-animationTests";
				PRODUCT_NAME = "$(TARGET_NAME)";
				TEST_HOST = "$(BUILT_PRODUCTS_DIR)/fun with animation.app/fun with animation";
			};
			name = Debug;
		};
		82954FF01D3750C000F90DF6 /* Release */ = {
			isa = XCBuildConfiguration;
			buildSettings = {
				BUNDLE_LOADER = "$(TEST_HOST)";
				INFOPLIST_FILE = "fun with animationTests/Info.plist";
				LD_RUNPATH_SEARCH_PATHS = "$(inherited) @executable_path/Frameworks @loader_path/Frameworks";
				PRODUCT_BUNDLE_IDENTIFIER = "com.me.fun-with-animationTests";
				PRODUCT_NAME = "$(TARGET_NAME)";
				TEST_HOST = "$(BUILT_PRODUCTS_DIR)/fun with animation.app/fun with animation";
			};
			name = Release;
		};
		82954FF21D3750C000F90DF6 /* Debug */ = {
			isa = XCBuildConfiguration;
			buildSettings = {
				INFOPLIST_FILE = "fun with animationUITests/Info.plist";
				LD_RUNPATH_SEARCH_PATHS = "$(inherited) @executable_path/Frameworks @loader_path/Frameworks";
				PRODUCT_BUNDLE_IDENTIFIER = "com.me.fun-with-animationUITests";
				PRODUCT_NAME = "$(TARGET_NAME)";
				TEST_TARGET_NAME = "fun with animation";
			};
			name = Debug;
		};
		82954FF31D3750C000F90DF6 /* Release */ = {
			isa = XCBuildConfiguration;
			buildSettings = {
				INFOPLIST_FILE = "fun with animationUITests/Info.plist";
				LD_RUNPATH_SEARCH_PATHS = "$(inherited) @executable_path/Frameworks @loader_path/Frameworks";
				PRODUCT_BUNDLE_IDENTIFIER = "com.me.fun-with-animationUITests";
				PRODUCT_NAME = "$(TARGET_NAME)";
				TEST_TARGET_NAME = "fun with animation";
			};
			name = Release;
		};
/* End XCBuildConfiguration section */

/* Begin XCConfigurationList section */
		82954FBE1D3750C000F90DF6 /* Build configuration list for PBXProject "fun with animation" */ = {
			isa = XCConfigurationList;
			buildConfigurations = (
				82954FE91D3750C000F90DF6 /* Debug */,
				82954FEA1D3750C000F90DF6 /* Release */,
			);
			defaultConfigurationIsVisible = 0;
			defaultConfigurationName = Release;
		};
		82954FEB1D3750C000F90DF6 /* Build configuration list for PBXNativeTarget "fun with animation" */ = {
			isa = XCConfigurationList;
			buildConfigurations = (
				82954FEC1D3750C000F90DF6 /* Debug */,
				82954FED1D3750C000F90DF6 /* Release */,
			);
			defaultConfigurationIsVisible = 0;
		};
		82954FEE1D3750C000F90DF6 /* Build configuration list for PBXNativeTarget "fun with animationTests" */ = {
			isa = XCConfigurationList;
			buildConfigurations = (
				82954FEF1D3750C000F90DF6 /* Debug */,
				82954FF01D3750C000F90DF6 /* Release */,
			);
			defaultConfigurationIsVisible = 0;
		};
		82954FF11D3750C000F90DF6 /* Build configuration list for PBXNativeTarget "fun with animationUITests" */ = {
			isa = XCConfigurationList;
			buildConfigurations = (
				82954FF21D3750C000F90DF6 /* Debug */,
				82954FF31D3750C000F90DF6 /* Release */,
			);
			defaultConfigurationIsVisible = 0;
		};
/* End XCConfigurationList section */
	};
	rootObject = 82954FBB1D3750C000F90DF6 /* Project object */;
}
