// !$*UTF8*$!
{
	archiveVersion = 1;
	classes = {
	};
	objectVersion = 46;
	objects = {

/* Begin PBXBuildFile section */
		82954F351D33437F00F90DF6 /* AppDelegate.swift in Sources */ = {isa = PBXBuildFile; fileRef = 82954F341D33437F00F90DF6 /* AppDelegate.swift */; };
		82954F371D33437F00F90DF6 /* ViewController.swift in Sources */ = {isa = PBXBuildFile; fileRef = 82954F361D33437F00F90DF6 /* ViewController.swift */; };
		82954F3A1D33437F00F90DF6 /* Main.storyboard in Resources */ = {isa = PBXBuildFile; fileRef = 82954F381D33437F00F90DF6 /* Main.storyboard */; };
		82954F3C1D33437F00F90DF6 /* Assets.xcassets in Resources */ = {isa = PBXBuildFile; fileRef = 82954F3B1D33437F00F90DF6 /* Assets.xcassets */; };
		82954F3F1D33437F00F90DF6 /* LaunchScreen.storyboard in Resources */ = {isa = PBXBuildFile; fileRef = 82954F3D1D33437F00F90DF6 /* LaunchScreen.storyboard */; };
		82954F4A1D33437F00F90DF6 /* Ad_Libs_GenerationTests.swift in Sources */ = {isa = PBXBuildFile; fileRef = 82954F491D33437F00F90DF6 /* Ad_Libs_GenerationTests.swift */; };
		82954F551D33437F00F90DF6 /* Ad_Libs_GenerationUITests.swift in Sources */ = {isa = PBXBuildFile; fileRef = 82954F541D33437F00F90DF6 /* Ad_Libs_GenerationUITests.swift */; };
		82954F6C1D33446400F90DF6 /* Location Icon.png in Resources */ = {isa = PBXBuildFile; fileRef = 82954F641D33446400F90DF6 /* Location Icon.png */; };
		82954F6D1D33446400F90DF6 /* Number Icon.png in Resources */ = {isa = PBXBuildFile; fileRef = 82954F651D33446400F90DF6 /* Number Icon.png */; };
		82954F6E1D33446400F90DF6 /* Phrase Icon.png in Resources */ = {isa = PBXBuildFile; fileRef = 82954F661D33446400F90DF6 /* Phrase Icon.png */; };
		82954F6F1D33446400F90DF6 /* PN Icon.png in Resources */ = {isa = PBXBuildFile; fileRef = 82954F671D33446400F90DF6 /* PN Icon.png */; };
		82954F701D33446400F90DF6 /* PV Icon.png in Resources */ = {isa = PBXBuildFile; fileRef = 82954F681D33446400F90DF6 /* PV Icon.png */; };
		82954F711D33446400F90DF6 /* PV Icon@2x.png in Resources */ = {isa = PBXBuildFile; fileRef = 82954F691D33446400F90DF6 /* PV Icon@2x.png */; };
		82954F721D33446400F90DF6 /* PV Icon@3x.png in Resources */ = {isa = PBXBuildFile; fileRef = 82954F6A1D33446400F90DF6 /* PV Icon@3x.png */; };
		82954F731D33446400F90DF6 /* SN Icon.png in Resources */ = {isa = PBXBuildFile; fileRef = 82954F6B1D33446400F90DF6 /* SN Icon.png */; };
/* End PBXBuildFile section */

/* Begin PBXContainerItemProxy section */
		82954F461D33437F00F90DF6 /* PBXContainerItemProxy */ = {
			isa = PBXContainerItemProxy;
			containerPortal = 82954F291D33437F00F90DF6 /* Project object */;
			proxyType = 1;
			remoteGlobalIDString = 82954F301D33437F00F90DF6;
			remoteInfo = "Ad Libs Generation";
		};
		82954F511D33437F00F90DF6 /* PBXContainerItemProxy */ = {
			isa = PBXContainerItemProxy;
			containerPortal = 82954F291D33437F00F90DF6 /* Project object */;
			proxyType = 1;
			remoteGlobalIDString = 82954F301D33437F00F90DF6;
			remoteInfo = "Ad Libs Generation";
		};
/* End PBXContainerItemProxy section */

/* Begin PBXFileReference section */
		82954F311D33437F00F90DF6 /* Ad Libs Generation.app */ = {isa = PBXFileReference; explicitFileType = wrapper.application; includeInIndex = 0; path = "Ad Libs Generation.app"; sourceTree = BUILT_PRODUCTS_DIR; };
		82954F341D33437F00F90DF6 /* AppDelegate.swift */ = {isa = PBXFileReference; lastKnownFileType = sourcecode.swift; path = AppDelegate.swift; sourceTree = "<group>"; };
		82954F361D33437F00F90DF6 /* ViewController.swift */ = {isa = PBXFileReference; lastKnownFileType = sourcecode.swift; path = ViewController.swift; sourceTree = "<group>"; };
		82954F391D33437F00F90DF6 /* Base */ = {isa = PBXFileReference; lastKnownFileType = file.storyboard; name = Base; path = Base.lproj/Main.storyboard; sourceTree = "<group>"; };
		82954F3B1D33437F00F90DF6 /* Assets.xcassets */ = {isa = PBXFileReference; lastKnownFileType = folder.assetcatalog; path = Assets.xcassets; sourceTree = "<group>"; };
		82954F3E1D33437F00F90DF6 /* Base */ = {isa = PBXFileReference; lastKnownFileType = file.storyboard; name = Base; path = Base.lproj/LaunchScreen.storyboard; sourceTree = "<group>"; };
		82954F401D33437F00F90DF6 /* Info.plist */ = {isa = PBXFileReference; lastKnownFileType = text.plist.xml; path = Info.plist; sourceTree = "<group>"; };
		82954F451D33437F00F90DF6 /* Ad Libs GenerationTests.xctest */ = {isa = PBXFileReference; explicitFileType = wrapper.cfbundle; includeInIndex = 0; path = "Ad Libs GenerationTests.xctest"; sourceTree = BUILT_PRODUCTS_DIR; };
		82954F491D33437F00F90DF6 /* Ad_Libs_GenerationTests.swift */ = {isa = PBXFileReference; lastKnownFileType = sourcecode.swift; path = Ad_Libs_GenerationTests.swift; sourceTree = "<group>"; };
		82954F4B1D33437F00F90DF6 /* Info.plist */ = {isa = PBXFileReference; lastKnownFileType = text.plist.xml; path = Info.plist; sourceTree = "<group>"; };
		82954F501D33437F00F90DF6 /* Ad Libs GenerationUITests.xctest */ = {isa = PBXFileReference; explicitFileType = wrapper.cfbundle; includeInIndex = 0; path = "Ad Libs GenerationUITests.xctest"; sourceTree = BUILT_PRODUCTS_DIR; };
		82954F541D33437F00F90DF6 /* Ad_Libs_GenerationUITests.swift */ = {isa = PBXFileReference; lastKnownFileType = sourcecode.swift; path = Ad_Libs_GenerationUITests.swift; sourceTree = "<group>"; };
		82954F561D33437F00F90DF6 /* Info.plist */ = {isa = PBXFileReference; lastKnownFileType = text.plist.xml; path = Info.plist; sourceTree = "<group>"; };
		82954F641D33446400F90DF6 /* Location Icon.png */ = {isa = PBXFileReference; lastKnownFileType = image.png; path = "Location Icon.png"; sourceTree = "<group>"; };
		82954F651D33446400F90DF6 /* Number Icon.png */ = {isa = PBXFileReference; lastKnownFileType = image.png; path = "Number Icon.png"; sourceTree = "<group>"; };
		82954F661D33446400F90DF6 /* Phrase Icon.png */ = {isa = PBXFileReference; lastKnownFileType = image.png; path = "Phrase Icon.png"; sourceTree = "<group>"; };
		82954F671D33446400F90DF6 /* PN Icon.png */ = {isa = PBXFileReference; lastKnownFileType = image.png; path = "PN Icon.png"; sourceTree = "<group>"; };
		82954F681D33446400F90DF6 /* PV Icon.png */ = {isa = PBXFileReference; lastKnownFileType = image.png; path = "PV Icon.png"; sourceTree = "<group>"; };
		82954F691D33446400F90DF6 /* PV Icon@2x.png */ = {isa = PBXFileReference; lastKnownFileType = image.png; path = "PV Icon@2x.png"; sourceTree = "<group>"; };
		82954F6A1D33446400F90DF6 /* PV Icon@3x.png */ = {isa = PBXFileReference; lastKnownFileType = image.png; path = "PV Icon@3x.png"; sourceTree = "<group>"; };
		82954F6B1D33446400F90DF6 /* SN Icon.png */ = {isa = PBXFileReference; lastKnownFileType = image.png; path = "SN Icon.png"; sourceTree = "<group>"; };
/* End PBXFileReference section */

/* Begin PBXFrameworksBuildPhase section */
		82954F2E1D33437F00F90DF6 /* Frameworks */ = {
			isa = PBXFrameworksBuildPhase;
			buildActionMask = 2147483647;
			files = (
			);
			runOnlyForDeploymentPostprocessing = 0;
		};
		82954F421D33437F00F90DF6 /* Frameworks */ = {
			isa = PBXFrameworksBuildPhase;
			buildActionMask = 2147483647;
			files = (
			);
			runOnlyForDeploymentPostprocessing = 0;
		};
		82954F4D1D33437F00F90DF6 /* Frameworks */ = {
			isa = PBXFrameworksBuildPhase;
			buildActionMask = 2147483647;
			files = (
			);
			runOnlyForDeploymentPostprocessing = 0;
		};
/* End PBXFrameworksBuildPhase section */

/* Begin PBXGroup section */
		82954F281D33437F00F90DF6 = {
			isa = PBXGroup;
			children = (
				82954F741D3344BF00F90DF6 /* Images */,
				82954F331D33437F00F90DF6 /* Ad Libs Generation */,
				82954F481D33437F00F90DF6 /* Ad Libs GenerationTests */,
				82954F531D33437F00F90DF6 /* Ad Libs GenerationUITests */,
				82954F321D33437F00F90DF6 /* Products */,
			);
			sourceTree = "<group>";
		};
		82954F321D33437F00F90DF6 /* Products */ = {
			isa = PBXGroup;
			children = (
				82954F311D33437F00F90DF6 /* Ad Libs Generation.app */,
				82954F451D33437F00F90DF6 /* Ad Libs GenerationTests.xctest */,
				82954F501D33437F00F90DF6 /* Ad Libs GenerationUITests.xctest */,
			);
			name = Products;
			sourceTree = "<group>";
		};
		82954F331D33437F00F90DF6 /* Ad Libs Generation */ = {
			isa = PBXGroup;
			children = (
				82954F341D33437F00F90DF6 /* AppDelegate.swift */,
				82954F361D33437F00F90DF6 /* ViewController.swift */,
				82954F381D33437F00F90DF6 /* Main.storyboard */,
				82954F3B1D33437F00F90DF6 /* Assets.xcassets */,
				82954F3D1D33437F00F90DF6 /* LaunchScreen.storyboard */,
				82954F401D33437F00F90DF6 /* Info.plist */,
			);
			path = "Ad Libs Generation";
			sourceTree = "<group>";
		};
		82954F481D33437F00F90DF6 /* Ad Libs GenerationTests */ = {
			isa = PBXGroup;
			children = (
				82954F491D33437F00F90DF6 /* Ad_Libs_GenerationTests.swift */,
				82954F4B1D33437F00F90DF6 /* Info.plist */,
			);
			path = "Ad Libs GenerationTests";
			sourceTree = "<group>";
		};
		82954F531D33437F00F90DF6 /* Ad Libs GenerationUITests */ = {
			isa = PBXGroup;
			children = (
				82954F541D33437F00F90DF6 /* Ad_Libs_GenerationUITests.swift */,
				82954F561D33437F00F90DF6 /* Info.plist */,
			);
			path = "Ad Libs GenerationUITests";
			sourceTree = "<group>";
		};
		82954F741D3344BF00F90DF6 /* Images */ = {
			isa = PBXGroup;
			children = (
				82954F641D33446400F90DF6 /* Location Icon.png */,
				82954F651D33446400F90DF6 /* Number Icon.png */,
				82954F661D33446400F90DF6 /* Phrase Icon.png */,
				82954F671D33446400F90DF6 /* PN Icon.png */,
				82954F681D33446400F90DF6 /* PV Icon.png */,
				82954F691D33446400F90DF6 /* PV Icon@2x.png */,
				82954F6A1D33446400F90DF6 /* PV Icon@3x.png */,
				82954F6B1D33446400F90DF6 /* SN Icon.png */,
			);
			name = Images;
			sourceTree = "<group>";
		};
/* End PBXGroup section */

/* Begin PBXNativeTarget section */
		82954F301D33437F00F90DF6 /* Ad Libs Generation */ = {
			isa = PBXNativeTarget;
			buildConfigurationList = 82954F591D33437F00F90DF6 /* Build configuration list for PBXNativeTarget "Ad Libs Generation" */;
			buildPhases = (
				82954F2D1D33437F00F90DF6 /* Sources */,
				82954F2E1D33437F00F90DF6 /* Frameworks */,
				82954F2F1D33437F00F90DF6 /* Resources */,
			);
			buildRules = (
			);
			dependencies = (
			);
			name = "Ad Libs Generation";
			productName = "Ad Libs Generation";
			productReference = 82954F311D33437F00F90DF6 /* Ad Libs Generation.app */;
			productType = "com.apple.product-type.application";
		};
		82954F441D33437F00F90DF6 /* Ad Libs GenerationTests */ = {
			isa = PBXNativeTarget;
			buildConfigurationList = 82954F5C1D33437F00F90DF6 /* Build configuration list for PBXNativeTarget "Ad Libs GenerationTests" */;
			buildPhases = (
				82954F411D33437F00F90DF6 /* Sources */,
				82954F421D33437F00F90DF6 /* Frameworks */,
				82954F431D33437F00F90DF6 /* Resources */,
			);
			buildRules = (
			);
			dependencies = (
				82954F471D33437F00F90DF6 /* PBXTargetDependency */,
			);
			name = "Ad Libs GenerationTests";
			productName = "Ad Libs GenerationTests";
			productReference = 82954F451D33437F00F90DF6 /* Ad Libs GenerationTests.xctest */;
			productType = "com.apple.product-type.bundle.unit-test";
		};
		82954F4F1D33437F00F90DF6 /* Ad Libs GenerationUITests */ = {
			isa = PBXNativeTarget;
			buildConfigurationList = 82954F5F1D33437F00F90DF6 /* Build configuration list for PBXNativeTarget "Ad Libs GenerationUITests" */;
			buildPhases = (
				82954F4C1D33437F00F90DF6 /* Sources */,
				82954F4D1D33437F00F90DF6 /* Frameworks */,
				82954F4E1D33437F00F90DF6 /* Resources */,
			);
			buildRules = (
			);
			dependencies = (
				82954F521D33437F00F90DF6 /* PBXTargetDependency */,
			);
			name = "Ad Libs GenerationUITests";
			productName = "Ad Libs GenerationUITests";
			productReference = 82954F501D33437F00F90DF6 /* Ad Libs GenerationUITests.xctest */;
			productType = "com.apple.product-type.bundle.ui-testing";
		};
/* End PBXNativeTarget section */

/* Begin PBXProject section */
		82954F291D33437F00F90DF6 /* Project object */ = {
			isa = PBXProject;
			attributes = {
				LastSwiftUpdateCheck = 0730;
				LastUpgradeCheck = 0730;
				ORGANIZATIONNAME = "Asavir Kalla";
				TargetAttributes = {
					82954F301D33437F00F90DF6 = {
						CreatedOnToolsVersion = 7.3.1;
					};
					82954F441D33437F00F90DF6 = {
						CreatedOnToolsVersion = 7.3.1;
						TestTargetID = 82954F301D33437F00F90DF6;
					};
					82954F4F1D33437F00F90DF6 = {
						CreatedOnToolsVersion = 7.3.1;
						TestTargetID = 82954F301D33437F00F90DF6;
					};
				};
			};
			buildConfigurationList = 82954F2C1D33437F00F90DF6 /* Build configuration list for PBXProject "Ad Libs Generation" */;
			compatibilityVersion = "Xcode 3.2";
			developmentRegion = English;
			hasScannedForEncodings = 0;
			knownRegions = (
				en,
				Base,
			);
			mainGroup = 82954F281D33437F00F90DF6;
			productRefGroup = 82954F321D33437F00F90DF6 /* Products */;
			projectDirPath = "";
			projectRoot = "";
			targets = (
				82954F301D33437F00F90DF6 /* Ad Libs Generation */,
				82954F441D33437F00F90DF6 /* Ad Libs GenerationTests */,
				82954F4F1D33437F00F90DF6 /* Ad Libs GenerationUITests */,
			);
		};
/* End PBXProject section */

/* Begin PBXResourcesBuildPhase section */
		82954F2F1D33437F00F90DF6 /* Resources */ = {
			isa = PBXResourcesBuildPhase;
			buildActionMask = 2147483647;
			files = (
				82954F6E1D33446400F90DF6 /* Phrase Icon.png in Resources */,
				82954F711D33446400F90DF6 /* PV Icon@2x.png in Resources */,
				82954F3F1D33437F00F90DF6 /* LaunchScreen.storyboard in Resources */,
				82954F731D33446400F90DF6 /* SN Icon.png in Resources */,
				82954F3C1D33437F00F90DF6 /* Assets.xcassets in Resources */,
				82954F6F1D33446400F90DF6 /* PN Icon.png in Resources */,
				82954F721D33446400F90DF6 /* PV Icon@3x.png in Resources */,
				82954F6C1D33446400F90DF6 /* Location Icon.png in Resources */,
				82954F701D33446400F90DF6 /* PV Icon.png in Resources */,
				82954F6D1D33446400F90DF6 /* Number Icon.png in Resources */,
				82954F3A1D33437F00F90DF6 /* Main.storyboard in Resources */,
			);
			runOnlyForDeploymentPostprocessing = 0;
		};
		82954F431D33437F00F90DF6 /* Resources */ = {
			isa = PBXResourcesBuildPhase;
			buildActionMask = 2147483647;
			files = (
			);
			runOnlyForDeploymentPostprocessing = 0;
		};
		82954F4E1D33437F00F90DF6 /* Resources */ = {
			isa = PBXResourcesBuildPhase;
			buildActionMask = 2147483647;
			files = (
			);
			runOnlyForDeploymentPostprocessing = 0;
		};
/* End PBXResourcesBuildPhase section */

/* Begin PBXSourcesBuildPhase section */
		82954F2D1D33437F00F90DF6 /* Sources */ = {
			isa = PBXSourcesBuildPhase;
			buildActionMask = 2147483647;
			files = (
				82954F371D33437F00F90DF6 /* ViewController.swift in Sources */,
				82954F351D33437F00F90DF6 /* AppDelegate.swift in Sources */,
			);
			runOnlyForDeploymentPostprocessing = 0;
		};
		82954F411D33437F00F90DF6 /* Sources */ = {
			isa = PBXSourcesBuildPhase;
			buildActionMask = 2147483647;
			files = (
				82954F4A1D33437F00F90DF6 /* Ad_Libs_GenerationTests.swift in Sources */,
			);
			runOnlyForDeploymentPostprocessing = 0;
		};
		82954F4C1D33437F00F90DF6 /* Sources */ = {
			isa = PBXSourcesBuildPhase;
			buildActionMask = 2147483647;
			files = (
				82954F551D33437F00F90DF6 /* Ad_Libs_GenerationUITests.swift in Sources */,
			);
			runOnlyForDeploymentPostprocessing = 0;
		};
/* End PBXSourcesBuildPhase section */

/* Begin PBXTargetDependency section */
		82954F471D33437F00F90DF6 /* PBXTargetDependency */ = {
			isa = PBXTargetDependency;
			target = 82954F301D33437F00F90DF6 /* Ad Libs Generation */;
			targetProxy = 82954F461D33437F00F90DF6 /* PBXContainerItemProxy */;
		};
		82954F521D33437F00F90DF6 /* PBXTargetDependency */ = {
			isa = PBXTargetDependency;
			target = 82954F301D33437F00F90DF6 /* Ad Libs Generation */;
			targetProxy = 82954F511D33437F00F90DF6 /* PBXContainerItemProxy */;
		};
/* End PBXTargetDependency section */

/* Begin PBXVariantGroup section */
		82954F381D33437F00F90DF6 /* Main.storyboard */ = {
			isa = PBXVariantGroup;
			children = (
				82954F391D33437F00F90DF6 /* Base */,
			);
			name = Main.storyboard;
			sourceTree = "<group>";
		};
		82954F3D1D33437F00F90DF6 /* LaunchScreen.storyboard */ = {
			isa = PBXVariantGroup;
			children = (
				82954F3E1D33437F00F90DF6 /* Base */,
			);
			name = LaunchScreen.storyboard;
			sourceTree = "<group>";
		};
/* End PBXVariantGroup section */

/* Begin XCBuildConfiguration section */
		82954F571D33437F00F90DF6 /* Debug */ = {
			isa = XCBuildConfiguration;
			buildSettings = {
				ALWAYS_SEARCH_USER_PATHS = NO;
				CLANG_ANALYZER_NONNULL = YES;
				CLANG_CXX_LANGUAGE_STANDARD = "gnu++0x";
				CLANG_CXX_LIBRARY = "libc++";
				CLANG_ENABLE_MODULES = YES;
				CLANG_ENABLE_OBJC_ARC = YES;
				CLANG_WARN_BOOL_CONVERSION = YES;
				CLANG_WARN_CONSTANT_CONVERSION = YES;
				CLANG_WARN_DIRECT_OBJC_ISA_USAGE = YES_ERROR;
				CLANG_WARN_EMPTY_BODY = YES;
				CLANG_WARN_ENUM_CONVERSION = YES;
				CLANG_WARN_INT_CONVERSION = YES;
				CLANG_WARN_OBJC_ROOT_CLASS = YES_ERROR;
				CLANG_WARN_UNREACHABLE_CODE = YES;
				CLANG_WARN__DUPLICATE_METHOD_MATCH = YES;
				"CODE_SIGN_IDENTITY[sdk=iphoneos*]" = "iPhone Developer";
				COPY_PHASE_STRIP = NO;
				DEBUG_INFORMATION_FORMAT = dwarf;
				ENABLE_STRICT_OBJC_MSGSEND = YES;
				ENABLE_TESTABILITY = YES;
				GCC_C_LANGUAGE_STANDARD = gnu99;
				GCC_DYNAMIC_NO_PIC = NO;
				GCC_NO_COMMON_BLOCKS = YES;
				GCC_OPTIMIZATION_LEVEL = 0;
				GCC_PREPROCESSOR_DEFINITIONS = (
					"DEBUG=1",
					"$(inherited)",
				);
				GCC_WARN_64_TO_32_BIT_CONVERSION = YES;
				GCC_WARN_ABOUT_RETURN_TYPE = YES_ERROR;
				GCC_WARN_UNDECLARED_SELECTOR = YES;
				GCC_WARN_UNINITIALIZED_AUTOS = YES_AGGRESSIVE;
				GCC_WARN_UNUSED_FUNCTION = YES;
				GCC_WARN_UNUSED_VARIABLE = YES;
				IPHONEOS_DEPLOYMENT_TARGET = 9.3;
				MTL_ENABLE_DEBUG_INFO = YES;
				ONLY_ACTIVE_ARCH = YES;
				SDKROOT = iphoneos;
				SWIFT_OPTIMIZATION_LEVEL = "-Onone";
			};
			name = Debug;
		};
		82954F581D33437F00F90DF6 /* Release */ = {
			isa = XCBuildConfiguration;
			buildSettings = {
				ALWAYS_SEARCH_USER_PATHS = NO;
				CLANG_ANALYZER_NONNULL = YES;
				CLANG_CXX_LANGUAGE_STANDARD = "gnu++0x";
				CLANG_CXX_LIBRARY = "libc++";
				CLANG_ENABLE_MODULES = YES;
				CLANG_ENABLE_OBJC_ARC = YES;
				CLANG_WARN_BOOL_CONVERSION = YES;
				CLANG_WARN_CONSTANT_CONVERSION = YES;
				CLANG_WARN_DIRECT_OBJC_ISA_USAGE = YES_ERROR;
				CLANG_WARN_EMPTY_BODY = YES;
				CLANG_WARN_ENUM_CONVERSION = YES;
				CLANG_WARN_INT_CONVERSION = YES;
				CLANG_WARN_OBJC_ROOT_CLASS = YES_ERROR;
				CLANG_WARN_UNREACHABLE_CODE = YES;
				CLANG_WARN__DUPLICATE_METHOD_MATCH = YES;
				"CODE_SIGN_IDENTITY[sdk=iphoneos*]" = "iPhone Developer";
				COPY_PHASE_STRIP = NO;
				DEBUG_INFORMATION_FORMAT = "dwarf-with-dsym";
				ENABLE_NS_ASSERTIONS = NO;
				ENABLE_STRICT_OBJC_MSGSEND = YES;
				GCC_C_LANGUAGE_STANDARD = gnu99;
				GCC_NO_COMMON_BLOCKS = YES;
				GCC_WARN_64_TO_32_BIT_CONVERSION = YES;
				GCC_WARN_ABOUT_RETURN_TYPE = YES_ERROR;
				GCC_WARN_UNDECLARED_SELECTOR = YES;
				GCC_WARN_UNINITIALIZED_AUTOS = YES_AGGRESSIVE;
				GCC_WARN_UNUSED_FUNCTION = YES;
				GCC_WARN_UNUSED_VARIABLE = YES;
				IPHONEOS_DEPLOYMENT_TARGET = 9.3;
				MTL_ENABLE_DEBUG_INFO = NO;
				SDKROOT = iphoneos;
				VALIDATE_PRODUCT = YES;
			};
			name = Release;
		};
		82954F5A1D33437F00F90DF6 /* Debug */ = {
			isa = XCBuildConfiguration;
			buildSettings = {
				ASSETCATALOG_COMPILER_APPICON_NAME = AppIcon;
				INFOPLIST_FILE = "Ad Libs Generation/Info.plist";
				LD_RUNPATH_SEARCH_PATHS = "$(inherited) @executable_path/Frameworks";
				PRODUCT_BUNDLE_IDENTIFIER = "com.me.Ad-Libs-Generation";
				PRODUCT_NAME = "$(TARGET_NAME)";
			};
			name = Debug;
		};
		82954F5B1D33437F00F90DF6 /* Release */ = {
			isa = XCBuildConfiguration;
			buildSettings = {
				ASSETCATALOG_COMPILER_APPICON_NAME = AppIcon;
				INFOPLIST_FILE = "Ad Libs Generation/Info.plist";
				LD_RUNPATH_SEARCH_PATHS = "$(inherited) @executable_path/Frameworks";
				PRODUCT_BUNDLE_IDENTIFIER = "com.me.Ad-Libs-Generation";
				PRODUCT_NAME = "$(TARGET_NAME)";
			};
			name = Release;
		};
		82954F5D1D33437F00F90DF6 /* Debug */ = {
			isa = XCBuildConfiguration;
			buildSettings = {
				BUNDLE_LOADER = "$(TEST_HOST)";
				INFOPLIST_FILE = "Ad Libs GenerationTests/Info.plist";
				LD_RUNPATH_SEARCH_PATHS = "$(inherited) @executable_path/Frameworks @loader_path/Frameworks";
				PRODUCT_BUNDLE_IDENTIFIER = "com.me.Ad-Libs-GenerationTests";
				PRODUCT_NAME = "$(TARGET_NAME)";
				TEST_HOST = "$(BUILT_PRODUCTS_DIR)/Ad Libs Generation.app/Ad Libs Generation";
			};
			name = Debug;
		};
		82954F5E1D33437F00F90DF6 /* Release */ = {
			isa = XCBuildConfiguration;
			buildSettings = {
				BUNDLE_LOADER = "$(TEST_HOST)";
				INFOPLIST_FILE = "Ad Libs GenerationTests/Info.plist";
				LD_RUNPATH_SEARCH_PATHS = "$(inherited) @executable_path/Frameworks @loader_path/Frameworks";
				PRODUCT_BUNDLE_IDENTIFIER = "com.me.Ad-Libs-GenerationTests";
				PRODUCT_NAME = "$(TARGET_NAME)";
				TEST_HOST = "$(BUILT_PRODUCTS_DIR)/Ad Libs Generation.app/Ad Libs Generation";
			};
			name = Release;
		};
		82954F601D33437F00F90DF6 /* Debug */ = {
			isa = XCBuildConfiguration;
			buildSettings = {
				INFOPLIST_FILE = "Ad Libs GenerationUITests/Info.plist";
				LD_RUNPATH_SEARCH_PATHS = "$(inherited) @executable_path/Frameworks @loader_path/Frameworks";
				PRODUCT_BUNDLE_IDENTIFIER = "com.me.Ad-Libs-GenerationUITests";
				PRODUCT_NAME = "$(TARGET_NAME)";
				TEST_TARGET_NAME = "Ad Libs Generation";
			};
			name = Debug;
		};
		82954F611D33437F00F90DF6 /* Release */ = {
			isa = XCBuildConfiguration;
			buildSettings = {
				INFOPLIST_FILE = "Ad Libs GenerationUITests/Info.plist";
				LD_RUNPATH_SEARCH_PATHS = "$(inherited) @executable_path/Frameworks @loader_path/Frameworks";
				PRODUCT_BUNDLE_IDENTIFIER = "com.me.Ad-Libs-GenerationUITests";
				PRODUCT_NAME = "$(TARGET_NAME)";
				TEST_TARGET_NAME = "Ad Libs Generation";
			};
			name = Release;
		};
/* End XCBuildConfiguration section */

/* Begin XCConfigurationList section */
		82954F2C1D33437F00F90DF6 /* Build configuration list for PBXProject "Ad Libs Generation" */ = {
			isa = XCConfigurationList;
			buildConfigurations = (
				82954F571D33437F00F90DF6 /* Debug */,
				82954F581D33437F00F90DF6 /* Release */,
			);
			defaultConfigurationIsVisible = 0;
			defaultConfigurationName = Release;
		};
		82954F591D33437F00F90DF6 /* Build configuration list for PBXNativeTarget "Ad Libs Generation" */ = {
			isa = XCConfigurationList;
			buildConfigurations = (
				82954F5A1D33437F00F90DF6 /* Debug */,
				82954F5B1D33437F00F90DF6 /* Release */,
			);
			defaultConfigurationIsVisible = 0;
		};
		82954F5C1D33437F00F90DF6 /* Build configuration list for PBXNativeTarget "Ad Libs GenerationTests" */ = {
			isa = XCConfigurationList;
			buildConfigurations = (
				82954F5D1D33437F00F90DF6 /* Debug */,
				82954F5E1D33437F00F90DF6 /* Release */,
			);
			defaultConfigurationIsVisible = 0;
		};
		82954F5F1D33437F00F90DF6 /* Build configuration list for PBXNativeTarget "Ad Libs GenerationUITests" */ = {
			isa = XCConfigurationList;
			buildConfigurations = (
				82954F601D33437F00F90DF6 /* Debug */,
				82954F611D33437F00F90DF6 /* Release */,
			);
			defaultConfigurationIsVisible = 0;
		};
/* End XCConfigurationList section */
	};
	rootObject = 82954F291D33437F00F90DF6 /* Project object */;
}
