// !$*UTF8*$!
{
	archiveVersion = 1;
	classes = {
	};
	objectVersion = 46;
	objects = {

/* Begin PBXBuildFile section */
		8239D8C91D1D32840011F67A /* AppDelegate.swift in Sources */ = {isa = PBXBuildFile; fileRef = 8239D8C81D1D32840011F67A /* AppDelegate.swift */; };
		8239D8CB1D1D32840011F67A /* ViewController.swift in Sources */ = {isa = PBXBuildFile; fileRef = 8239D8CA1D1D32840011F67A /* ViewController.swift */; };
		8239D8CE1D1D32840011F67A /* Main.storyboard in Resources */ = {isa = PBXBuildFile; fileRef = 8239D8CC1D1D32840011F67A /* Main.storyboard */; };
		8239D8D01D1D32840011F67A /* Assets.xcassets in Resources */ = {isa = PBXBuildFile; fileRef = 8239D8CF1D1D32840011F67A /* Assets.xcassets */; };
		8239D8D31D1D32840011F67A /* LaunchScreen.storyboard in Resources */ = {isa = PBXBuildFile; fileRef = 8239D8D11D1D32840011F67A /* LaunchScreen.storyboard */; };
		8239D8DE1D1D32840011F67A /* DemoTests.swift in Sources */ = {isa = PBXBuildFile; fileRef = 8239D8DD1D1D32840011F67A /* DemoTests.swift */; };
		8239D8E91D1D32840011F67A /* DemoUITests.swift in Sources */ = {isa = PBXBuildFile; fileRef = 8239D8E81D1D32840011F67A /* DemoUITests.swift */; };
		8239D8F71D1E45C40011F67A /* retina_wood_@2X.png in Resources */ = {isa = PBXBuildFile; fileRef = 8239D8F61D1E45C40011F67A /* retina_wood_@2X.png */; };
/* End PBXBuildFile section */

/* Begin PBXContainerItemProxy section */
		8239D8DA1D1D32840011F67A /* PBXContainerItemProxy */ = {
			isa = PBXContainerItemProxy;
			containerPortal = 8239D8BD1D1D32840011F67A /* Project object */;
			proxyType = 1;
			remoteGlobalIDString = 8239D8C41D1D32840011F67A;
			remoteInfo = Demo;
		};
		8239D8E51D1D32840011F67A /* PBXContainerItemProxy */ = {
			isa = PBXContainerItemProxy;
			containerPortal = 8239D8BD1D1D32840011F67A /* Project object */;
			proxyType = 1;
			remoteGlobalIDString = 8239D8C41D1D32840011F67A;
			remoteInfo = Demo;
		};
/* End PBXContainerItemProxy section */

/* Begin PBXFileReference section */
		8239D8C51D1D32840011F67A /* Demo.app */ = {isa = PBXFileReference; explicitFileType = wrapper.application; includeInIndex = 0; path = Demo.app; sourceTree = BUILT_PRODUCTS_DIR; };
		8239D8C81D1D32840011F67A /* AppDelegate.swift */ = {isa = PBXFileReference; lastKnownFileType = sourcecode.swift; path = AppDelegate.swift; sourceTree = "<group>"; };
		8239D8CA1D1D32840011F67A /* ViewController.swift */ = {isa = PBXFileReference; lastKnownFileType = sourcecode.swift; path = ViewController.swift; sourceTree = "<group>"; };
		8239D8CD1D1D32840011F67A /* Base */ = {isa = PBXFileReference; lastKnownFileType = file.storyboard; name = Base; path = Base.lproj/Main.storyboard; sourceTree = "<group>"; };
		8239D8CF1D1D32840011F67A /* Assets.xcassets */ = {isa = PBXFileReference; lastKnownFileType = folder.assetcatalog; path = Assets.xcassets; sourceTree = "<group>"; };
		8239D8D21D1D32840011F67A /* Base */ = {isa = PBXFileReference; lastKnownFileType = file.storyboard; name = Base; path = Base.lproj/LaunchScreen.storyboard; sourceTree = "<group>"; };
		8239D8D41D1D32840011F67A /* Info.plist */ = {isa = PBXFileReference; lastKnownFileType = text.plist.xml; path = Info.plist; sourceTree = "<group>"; };
		8239D8D91D1D32840011F67A /* DemoTests.xctest */ = {isa = PBXFileReference; explicitFileType = wrapper.cfbundle; includeInIndex = 0; path = DemoTests.xctest; sourceTree = BUILT_PRODUCTS_DIR; };
		8239D8DD1D1D32840011F67A /* DemoTests.swift */ = {isa = PBXFileReference; lastKnownFileType = sourcecode.swift; path = DemoTests.swift; sourceTree = "<group>"; };
		8239D8DF1D1D32840011F67A /* Info.plist */ = {isa = PBXFileReference; lastKnownFileType = text.plist.xml; path = Info.plist; sourceTree = "<group>"; };
		8239D8E41D1D32840011F67A /* DemoUITests.xctest */ = {isa = PBXFileReference; explicitFileType = wrapper.cfbundle; includeInIndex = 0; path = DemoUITests.xctest; sourceTree = BUILT_PRODUCTS_DIR; };
		8239D8E81D1D32840011F67A /* DemoUITests.swift */ = {isa = PBXFileReference; lastKnownFileType = sourcecode.swift; path = DemoUITests.swift; sourceTree = "<group>"; };
		8239D8EA1D1D32840011F67A /* Info.plist */ = {isa = PBXFileReference; lastKnownFileType = text.plist.xml; path = Info.plist; sourceTree = "<group>"; };
		8239D8F61D1E45C40011F67A /* retina_wood_@2X.png */ = {isa = PBXFileReference; lastKnownFileType = image.png; path = "retina_wood_@2X.png"; sourceTree = "<group>"; };
/* End PBXFileReference section */

/* Begin PBXFrameworksBuildPhase section */
		8239D8C21D1D32840011F67A /* Frameworks */ = {
			isa = PBXFrameworksBuildPhase;
			buildActionMask = 2147483647;
			files = (
			);
			runOnlyForDeploymentPostprocessing = 0;
		};
		8239D8D61D1D32840011F67A /* Frameworks */ = {
			isa = PBXFrameworksBuildPhase;
			buildActionMask = 2147483647;
			files = (
			);
			runOnlyForDeploymentPostprocessing = 0;
		};
		8239D8E11D1D32840011F67A /* Frameworks */ = {
			isa = PBXFrameworksBuildPhase;
			buildActionMask = 2147483647;
			files = (
			);
			runOnlyForDeploymentPostprocessing = 0;
		};
/* End PBXFrameworksBuildPhase section */

/* Begin PBXGroup section */
		8239D8BC1D1D32840011F67A = {
			isa = PBXGroup;
			children = (
				8239D8C71D1D32840011F67A /* Demo */,
				8239D8DC1D1D32840011F67A /* DemoTests */,
				8239D8E71D1D32840011F67A /* DemoUITests */,
				8239D8C61D1D32840011F67A /* Products */,
			);
			sourceTree = "<group>";
		};
		8239D8C61D1D32840011F67A /* Products */ = {
			isa = PBXGroup;
			children = (
				8239D8C51D1D32840011F67A /* Demo.app */,
				8239D8D91D1D32840011F67A /* DemoTests.xctest */,
				8239D8E41D1D32840011F67A /* DemoUITests.xctest */,
			);
			name = Products;
			sourceTree = "<group>";
		};
		8239D8C71D1D32840011F67A /* Demo */ = {
			isa = PBXGroup;
			children = (
				8239D8C81D1D32840011F67A /* AppDelegate.swift */,
				8239D8CA1D1D32840011F67A /* ViewController.swift */,
				8239D8CC1D1D32840011F67A /* Main.storyboard */,
				8239D8CF1D1D32840011F67A /* Assets.xcassets */,
				8239D8F61D1E45C40011F67A /* retina_wood_@2X.png */,
				8239D8D11D1D32840011F67A /* LaunchScreen.storyboard */,
				8239D8D41D1D32840011F67A /* Info.plist */,
			);
			path = Demo;
			sourceTree = "<group>";
		};
		8239D8DC1D1D32840011F67A /* DemoTests */ = {
			isa = PBXGroup;
			children = (
				8239D8DD1D1D32840011F67A /* DemoTests.swift */,
				8239D8DF1D1D32840011F67A /* Info.plist */,
			);
			path = DemoTests;
			sourceTree = "<group>";
		};
		8239D8E71D1D32840011F67A /* DemoUITests */ = {
			isa = PBXGroup;
			children = (
				8239D8E81D1D32840011F67A /* DemoUITests.swift */,
				8239D8EA1D1D32840011F67A /* Info.plist */,
			);
			path = DemoUITests;
			sourceTree = "<group>";
		};
/* End PBXGroup section */

/* Begin PBXNativeTarget section */
		8239D8C41D1D32840011F67A /* Demo */ = {
			isa = PBXNativeTarget;
			buildConfigurationList = 8239D8ED1D1D32840011F67A /* Build configuration list for PBXNativeTarget "Demo" */;
			buildPhases = (
				8239D8C11D1D32840011F67A /* Sources */,
				8239D8C21D1D32840011F67A /* Frameworks */,
				8239D8C31D1D32840011F67A /* Resources */,
			);
			buildRules = (
			);
			dependencies = (
			);
			name = Demo;
			productName = Demo;
			productReference = 8239D8C51D1D32840011F67A /* Demo.app */;
			productType = "com.apple.product-type.application";
		};
		8239D8D81D1D32840011F67A /* DemoTests */ = {
			isa = PBXNativeTarget;
			buildConfigurationList = 8239D8F01D1D32840011F67A /* Build configuration list for PBXNativeTarget "DemoTests" */;
			buildPhases = (
				8239D8D51D1D32840011F67A /* Sources */,
				8239D8D61D1D32840011F67A /* Frameworks */,
				8239D8D71D1D32840011F67A /* Resources */,
			);
			buildRules = (
			);
			dependencies = (
				8239D8DB1D1D32840011F67A /* PBXTargetDependency */,
			);
			name = DemoTests;
			productName = DemoTests;
			productReference = 8239D8D91D1D32840011F67A /* DemoTests.xctest */;
			productType = "com.apple.product-type.bundle.unit-test";
		};
		8239D8E31D1D32840011F67A /* DemoUITests */ = {
			isa = PBXNativeTarget;
			buildConfigurationList = 8239D8F31D1D32840011F67A /* Build configuration list for PBXNativeTarget "DemoUITests" */;
			buildPhases = (
				8239D8E01D1D32840011F67A /* Sources */,
				8239D8E11D1D32840011F67A /* Frameworks */,
				8239D8E21D1D32840011F67A /* Resources */,
			);
			buildRules = (
			);
			dependencies = (
				8239D8E61D1D32840011F67A /* PBXTargetDependency */,
			);
			name = DemoUITests;
			productName = DemoUITests;
			productReference = 8239D8E41D1D32840011F67A /* DemoUITests.xctest */;
			productType = "com.apple.product-type.bundle.ui-testing";
		};
/* End PBXNativeTarget section */

/* Begin PBXProject section */
		8239D8BD1D1D32840011F67A /* Project object */ = {
			isa = PBXProject;
			attributes = {
				LastSwiftUpdateCheck = 0730;
				LastUpgradeCheck = 0730;
				ORGANIZATIONNAME = "Asavir Kalla";
				TargetAttributes = {
					8239D8C41D1D32840011F67A = {
						CreatedOnToolsVersion = 7.3.1;
					};
					8239D8D81D1D32840011F67A = {
						CreatedOnToolsVersion = 7.3.1;
						TestTargetID = 8239D8C41D1D32840011F67A;
					};
					8239D8E31D1D32840011F67A = {
						CreatedOnToolsVersion = 7.3.1;
						TestTargetID = 8239D8C41D1D32840011F67A;
					};
				};
			};
			buildConfigurationList = 8239D8C01D1D32840011F67A /* Build configuration list for PBXProject "Demo" */;
			compatibilityVersion = "Xcode 3.2";
			developmentRegion = English;
			hasScannedForEncodings = 0;
			knownRegions = (
				en,
				Base,
			);
			mainGroup = 8239D8BC1D1D32840011F67A;
			productRefGroup = 8239D8C61D1D32840011F67A /* Products */;
			projectDirPath = "";
			projectRoot = "";
			targets = (
				8239D8C41D1D32840011F67A /* Demo */,
				8239D8D81D1D32840011F67A /* DemoTests */,
				8239D8E31D1D32840011F67A /* DemoUITests */,
			);
		};
/* End PBXProject section */

/* Begin PBXResourcesBuildPhase section */
		8239D8C31D1D32840011F67A /* Resources */ = {
			isa = PBXResourcesBuildPhase;
			buildActionMask = 2147483647;
			files = (
				8239D8D31D1D32840011F67A /* LaunchScreen.storyboard in Resources */,
				8239D8D01D1D32840011F67A /* Assets.xcassets in Resources */,
				8239D8F71D1E45C40011F67A /* retina_wood_@2X.png in Resources */,
				8239D8CE1D1D32840011F67A /* Main.storyboard in Resources */,
			);
			runOnlyForDeploymentPostprocessing = 0;
		};
		8239D8D71D1D32840011F67A /* Resources */ = {
			isa = PBXResourcesBuildPhase;
			buildActionMask = 2147483647;
			files = (
			);
			runOnlyForDeploymentPostprocessing = 0;
		};
		8239D8E21D1D32840011F67A /* Resources */ = {
			isa = PBXResourcesBuildPhase;
			buildActionMask = 2147483647;
			files = (
			);
			runOnlyForDeploymentPostprocessing = 0;
		};
/* End PBXResourcesBuildPhase section */

/* Begin PBXSourcesBuildPhase section */
		8239D8C11D1D32840011F67A /* Sources */ = {
			isa = PBXSourcesBuildPhase;
			buildActionMask = 2147483647;
			files = (
				8239D8CB1D1D32840011F67A /* ViewController.swift in Sources */,
				8239D8C91D1D32840011F67A /* AppDelegate.swift in Sources */,
			);
			runOnlyForDeploymentPostprocessing = 0;
		};
		8239D8D51D1D32840011F67A /* Sources */ = {
			isa = PBXSourcesBuildPhase;
			buildActionMask = 2147483647;
			files = (
				8239D8DE1D1D32840011F67A /* DemoTests.swift in Sources */,
			);
			runOnlyForDeploymentPostprocessing = 0;
		};
		8239D8E01D1D32840011F67A /* Sources */ = {
			isa = PBXSourcesBuildPhase;
			buildActionMask = 2147483647;
			files = (
				8239D8E91D1D32840011F67A /* DemoUITests.swift in Sources */,
			);
			runOnlyForDeploymentPostprocessing = 0;
		};
/* End PBXSourcesBuildPhase section */

/* Begin PBXTargetDependency section */
		8239D8DB1D1D32840011F67A /* PBXTargetDependency */ = {
			isa = PBXTargetDependency;
			target = 8239D8C41D1D32840011F67A /* Demo */;
			targetProxy = 8239D8DA1D1D32840011F67A /* PBXContainerItemProxy */;
		};
		8239D8E61D1D32840011F67A /* PBXTargetDependency */ = {
			isa = PBXTargetDependency;
			target = 8239D8C41D1D32840011F67A /* Demo */;
			targetProxy = 8239D8E51D1D32840011F67A /* PBXContainerItemProxy */;
		};
/* End PBXTargetDependency section */

/* Begin PBXVariantGroup section */
		8239D8CC1D1D32840011F67A /* Main.storyboard */ = {
			isa = PBXVariantGroup;
			children = (
				8239D8CD1D1D32840011F67A /* Base */,
			);
			name = Main.storyboard;
			sourceTree = "<group>";
		};
		8239D8D11D1D32840011F67A /* LaunchScreen.storyboard */ = {
			isa = PBXVariantGroup;
			children = (
				8239D8D21D1D32840011F67A /* Base */,
			);
			name = LaunchScreen.storyboard;
			sourceTree = "<group>";
		};
/* End PBXVariantGroup section */

/* Begin XCBuildConfiguration section */
		8239D8EB1D1D32840011F67A /* Debug */ = {
			isa = XCBuildConfiguration;
			buildSettings = {
				ALWAYS_SEARCH_USER_PATHS = NO;
				CLANG_ANALYZER_NONNULL = YES;
				CLANG_CXX_LANGUAGE_STANDARD = "gnu++0x";
				CLANG_CXX_LIBRARY = "libc++";
				CLANG_ENABLE_MODULES = YES;
				CLANG_ENABLE_OBJC_ARC = YES;
				CLANG_WARN_BOOL_CONVERSION = YES;
				CLANG_WARN_CONSTANT_CONVERSION = YES;
				CLANG_WARN_DIRECT_OBJC_ISA_USAGE = YES_ERROR;
				CLANG_WARN_EMPTY_BODY = YES;
				CLANG_WARN_ENUM_CONVERSION = YES;
				CLANG_WARN_INT_CONVERSION = YES;
				CLANG_WARN_OBJC_ROOT_CLASS = YES_ERROR;
				CLANG_WARN_UNREACHABLE_CODE = YES;
				CLANG_WARN__DUPLICATE_METHOD_MATCH = YES;
				"CODE_SIGN_IDENTITY[sdk=iphoneos*]" = "iPhone Developer";
				COPY_PHASE_STRIP = NO;
				DEBUG_INFORMATION_FORMAT = dwarf;
				ENABLE_STRICT_OBJC_MSGSEND = YES;
				ENABLE_TESTABILITY = YES;
				GCC_C_LANGUAGE_STANDARD = gnu99;
				GCC_DYNAMIC_NO_PIC = NO;
				GCC_NO_COMMON_BLOCKS = YES;
				GCC_OPTIMIZATION_LEVEL = 0;
				GCC_PREPROCESSOR_DEFINITIONS = (
					"DEBUG=1",
					"$(inherited)",
				);
				GCC_WARN_64_TO_32_BIT_CONVERSION = YES;
				GCC_WARN_ABOUT_RETURN_TYPE = YES_ERROR;
				GCC_WARN_UNDECLARED_SELECTOR = YES;
				GCC_WARN_UNINITIALIZED_AUTOS = YES_AGGRESSIVE;
				GCC_WARN_UNUSED_FUNCTION = YES;
				GCC_WARN_UNUSED_VARIABLE = YES;
				IPHONEOS_DEPLOYMENT_TARGET = 9.3;
				MTL_ENABLE_DEBUG_INFO = YES;
				ONLY_ACTIVE_ARCH = YES;
				SDKROOT = iphoneos;
				SWIFT_OPTIMIZATION_LEVEL = "-Onone";
			};
			name = Debug;
		};
		8239D8EC1D1D32840011F67A /* Release */ = {
			isa = XCBuildConfiguration;
			buildSettings = {
				ALWAYS_SEARCH_USER_PATHS = NO;
				CLANG_ANALYZER_NONNULL = YES;
				CLANG_CXX_LANGUAGE_STANDARD = "gnu++0x";
				CLANG_CXX_LIBRARY = "libc++";
				CLANG_ENABLE_MODULES = YES;
				CLANG_ENABLE_OBJC_ARC = YES;
				CLANG_WARN_BOOL_CONVERSION = YES;
				CLANG_WARN_CONSTANT_CONVERSION = YES;
				CLANG_WARN_DIRECT_OBJC_ISA_USAGE = YES_ERROR;
				CLANG_WARN_EMPTY_BODY = YES;
				CLANG_WARN_ENUM_CONVERSION = YES;
				CLANG_WARN_INT_CONVERSION = YES;
				CLANG_WARN_OBJC_ROOT_CLASS = YES_ERROR;
				CLANG_WARN_UNREACHABLE_CODE = YES;
				CLANG_WARN__DUPLICATE_METHOD_MATCH = YES;
				"CODE_SIGN_IDENTITY[sdk=iphoneos*]" = "iPhone Developer";
				COPY_PHASE_STRIP = NO;
				DEBUG_INFORMATION_FORMAT = "dwarf-with-dsym";
				ENABLE_NS_ASSERTIONS = NO;
				ENABLE_STRICT_OBJC_MSGSEND = YES;
				GCC_C_LANGUAGE_STANDARD = gnu99;
				GCC_NO_COMMON_BLOCKS = YES;
				GCC_WARN_64_TO_32_BIT_CONVERSION = YES;
				GCC_WARN_ABOUT_RETURN_TYPE = YES_ERROR;
				GCC_WARN_UNDECLARED_SELECTOR = YES;
				GCC_WARN_UNINITIALIZED_AUTOS = YES_AGGRESSIVE;
				GCC_WARN_UNUSED_FUNCTION = YES;
				GCC_WARN_UNUSED_VARIABLE = YES;
				IPHONEOS_DEPLOYMENT_TARGET = 9.3;
				MTL_ENABLE_DEBUG_INFO = NO;
				SDKROOT = iphoneos;
				VALIDATE_PRODUCT = YES;
			};
			name = Release;
		};
		8239D8EE1D1D32840011F67A /* Debug */ = {
			isa = XCBuildConfiguration;
			buildSettings = {
				ASSETCATALOG_COMPILER_APPICON_NAME = AppIcon;
				INFOPLIST_FILE = Demo/Info.plist;
				LD_RUNPATH_SEARCH_PATHS = "$(inherited) @executable_path/Frameworks";
				PRODUCT_BUNDLE_IDENTIFIER = com.me.Demo;
				PRODUCT_NAME = "$(TARGET_NAME)";
			};
			name = Debug;
		};
		8239D8EF1D1D32840011F67A /* Release */ = {
			isa = XCBuildConfiguration;
			buildSettings = {
				ASSETCATALOG_COMPILER_APPICON_NAME = AppIcon;
				INFOPLIST_FILE = Demo/Info.plist;
				LD_RUNPATH_SEARCH_PATHS = "$(inherited) @executable_path/Frameworks";
				PRODUCT_BUNDLE_IDENTIFIER = com.me.Demo;
				PRODUCT_NAME = "$(TARGET_NAME)";
			};
			name = Release;
		};
		8239D8F11D1D32840011F67A /* Debug */ = {
			isa = XCBuildConfiguration;
			buildSettings = {
				BUNDLE_LOADER = "$(TEST_HOST)";
				INFOPLIST_FILE = DemoTests/Info.plist;
				LD_RUNPATH_SEARCH_PATHS = "$(inherited) @executable_path/Frameworks @loader_path/Frameworks";
				PRODUCT_BUNDLE_IDENTIFIER = com.me.DemoTests;
				PRODUCT_NAME = "$(TARGET_NAME)";
				TEST_HOST = "$(BUILT_PRODUCTS_DIR)/Demo.app/Demo";
			};
			name = Debug;
		};
		8239D8F21D1D32840011F67A /* Release */ = {
			isa = XCBuildConfiguration;
			buildSettings = {
				BUNDLE_LOADER = "$(TEST_HOST)";
				INFOPLIST_FILE = DemoTests/Info.plist;
				LD_RUNPATH_SEARCH_PATHS = "$(inherited) @executable_path/Frameworks @loader_path/Frameworks";
				PRODUCT_BUNDLE_IDENTIFIER = com.me.DemoTests;
				PRODUCT_NAME = "$(TARGET_NAME)";
				TEST_HOST = "$(BUILT_PRODUCTS_DIR)/Demo.app/Demo";
			};
			name = Release;
		};
		8239D8F41D1D32840011F67A /* Debug */ = {
			isa = XCBuildConfiguration;
			buildSettings = {
				INFOPLIST_FILE = DemoUITests/Info.plist;
				LD_RUNPATH_SEARCH_PATHS = "$(inherited) @executable_path/Frameworks @loader_path/Frameworks";
				PRODUCT_BUNDLE_IDENTIFIER = com.me.DemoUITests;
				PRODUCT_NAME = "$(TARGET_NAME)";
				TEST_TARGET_NAME = Demo;
			};
			name = Debug;
		};
		8239D8F51D1D32840011F67A /* Release */ = {
			isa = XCBuildConfiguration;
			buildSettings = {
				INFOPLIST_FILE = DemoUITests/Info.plist;
				LD_RUNPATH_SEARCH_PATHS = "$(inherited) @executable_path/Frameworks @loader_path/Frameworks";
				PRODUCT_BUNDLE_IDENTIFIER = com.me.DemoUITests;
				PRODUCT_NAME = "$(TARGET_NAME)";
				TEST_TARGET_NAME = Demo;
			};
			name = Release;
		};
/* End XCBuildConfiguration section */

/* Begin XCConfigurationList section */
		8239D8C01D1D32840011F67A /* Build configuration list for PBXProject "Demo" */ = {
			isa = XCConfigurationList;
			buildConfigurations = (
				8239D8EB1D1D32840011F67A /* Debug */,
				8239D8EC1D1D32840011F67A /* Release */,
			);
			defaultConfigurationIsVisible = 0;
			defaultConfigurationName = Release;
		};
		8239D8ED1D1D32840011F67A /* Build configuration list for PBXNativeTarget "Demo" */ = {
			isa = XCConfigurationList;
			buildConfigurations = (
				8239D8EE1D1D32840011F67A /* Debug */,
				8239D8EF1D1D32840011F67A /* Release */,
			);
			defaultConfigurationIsVisible = 0;
		};
		8239D8F01D1D32840011F67A /* Build configuration list for PBXNativeTarget "DemoTests" */ = {
			isa = XCConfigurationList;
			buildConfigurations = (
				8239D8F11D1D32840011F67A /* Debug */,
				8239D8F21D1D32840011F67A /* Release */,
			);
			defaultConfigurationIsVisible = 0;
		};
		8239D8F31D1D32840011F67A /* Build configuration list for PBXNativeTarget "DemoUITests" */ = {
			isa = XCConfigurationList;
			buildConfigurations = (
				8239D8F41D1D32840011F67A /* Debug */,
				8239D8F51D1D32840011F67A /* Release */,
			);
			defaultConfigurationIsVisible = 0;
		};
/* End XCConfigurationList section */
	};
	rootObject = 8239D8BD1D1D32840011F67A /* Project object */;
}
